
Microsoft Visual Studio Solution File, Format Version 12.00
# Visual Studio Version 16
VisualStudioVersion = 16.0.29025.244
MinimumVisualStudioVersion = 10.0.40219.1
Project("{8BC9CEB8-8B4A-11D0-8D11-00A0C91BC942}") = "cstutorial", "cstutorial.vcxproj", "{A5569CC1-12D7-4BA2-B59C-183C885832A4}"
EndProject
Global
	GlobalSection(SolutionConfigurationPlatforms) = preSolution
		Debug|x64 = Debug|x64
		Debug|x86 = Debug|x86
		Release|x64 = Release|x64
		Release|x86 = Release|x86
	EndGlobalSection
	GlobalSection(ProjectConfigurationPlatforms) = postSolution
		{A5569CC1-12D7-4BA2-B59C-183C885832A4}.Debug|x64.ActiveCfg = Debug|x64
		{A5569CC1-12D7-4BA2-B59C-183C885832A4}.Debug|x64.Build.0 = Debug|x64
		{A5569CC1-12D7-4BA2-B59C-183C885832A4}.Debug|x86.ActiveCfg = Debug|Win32
		{A5569CC1-12D7-4BA2-B59C-183C885832A4}.Debug|x86.Build.0 = Debug|Win32
		{A5569CC1-12D7-4BA2-B59C-183C885832A4}.Release|x64.ActiveCfg = Release|x64
		{A5569CC1-12D7-4BA2-B59C-183C885832A4}.Release|x64.Build.0 = Release|x64
		{A5569CC1-12D7-4BA2-B59C-183C885832A4}.Release|x86.ActiveCfg = Release|Win32
		{A5569CC1-12D7-4BA2-B59C-183C885832A4}.Release|x86.Build.0 = Release|Win32
	EndGlobalSection
	GlobalSection(SolutionProperties) = preSolution
		HideSolutionNode = FALSE
	EndGlobalSection
	GlobalSection(ExtensibilityGlobals) = postSolution
		SolutionGuid = {78BB9FF9-18FA-4E9A-8C24-034E7941C327}
	EndGlobalSection
EndGlobal
